
Microsoft Visual Studio Solution File, Format Version 12.00
# Visual Studio Version 17
VisualStudioVersion = 17.9.34607.119
MinimumVisualStudioVersion = 10.0.40219.1
Project("{9A19103F-16F7-4668-BE54-9A1E7A4F7556}") = "WinFormsApp4", "WinFormsApp4\WinFormsApp4.csproj", "{2BE71FC2-BBB6-4007-B9BE-5E3725B37D8B}"
EndProject
Global
	GlobalSection(SolutionConfigurationPlatforms) = preSolution
		Debug|Any CPU = Debug|Any CPU
		Release|Any CPU = Release|Any CPU
	EndGlobalSection
	GlobalSection(ProjectConfigurationPlatforms) = postSolution
		{2BE71FC2-BBB6-4007-B9BE-5E3725B37D8B}.Debug|Any CPU.ActiveCfg = Debug|Any CPU
		{2BE71FC2-BBB6-4007-B9BE-5E3725B37D8B}.Debug|Any CPU.Build.0 = Debug|Any CPU
		{2BE71FC2-BBB6-4007-B9BE-5E3725B37D8B}.Release|Any CPU.ActiveCfg = Release|Any CPU
		{2BE71FC2-BBB6-4007-B9BE-5E3725B37D8B}.Release|Any CPU.Build.0 = Release|Any CPU
	EndGlobalSection
	GlobalSection(SolutionProperties) = preSolution
		HideSolutionNode = FALSE
	EndGlobalSection
	GlobalSection(ExtensibilityGlobals) = postSolution
		SolutionGuid = {5D13CA48-215A-4AD7-A31D-B65B85859F50}
	EndGlobalSection
EndGlobal
